
Microsoft Visual Studio Solution File, Format Version 12.00
# Visual Studio Version 17
VisualStudioVersion = 17.1.32319.34
MinimumVisualStudioVersion = 10.0.40219.1
Project("{FAE04EC0-301F-11D3-BF4B-00C04F79EFBC}") = "JoinOperator", "JoinOperator\JoinOperator.csproj", "{B4648979-7A6E-4FEC-841B-DB3B045921D8}"
EndProject
Global
	GlobalSection(SolutionConfigurationPlatforms) = preSolution
		Debug|Any CPU = Debug|Any CPU
		Release|Any CPU = Release|Any CPU
	EndGlobalSection
	GlobalSection(ProjectConfigurationPlatforms) = postSolution
		{B4648979-7A6E-4FEC-841B-DB3B045921D8}.Debug|Any CPU.ActiveCfg = Debug|Any CPU
		{B4648979-7A6E-4FEC-841B-DB3B045921D8}.Debug|Any CPU.Build.0 = Debug|Any CPU
		{B4648979-7A6E-4FEC-841B-DB3B045921D8}.Release|Any CPU.ActiveCfg = Release|Any CPU
		{B4648979-7A6E-4FEC-841B-DB3B045921D8}.Release|Any CPU.Build.0 = Release|Any CPU
	EndGlobalSection
	GlobalSection(SolutionProperties) = preSolution
		HideSolutionNode = FALSE
	EndGlobalSection
	GlobalSection(ExtensibilityGlobals) = postSolution
		SolutionGuid = {11C2D69E-3075-497E-92CE-A84C33385C53}
	EndGlobalSection
EndGlobal
