
Microsoft Visual Studio Solution File, Format Version 12.00
# Visual Studio Version 17
VisualStudioVersion = 17.1.32319.34
MinimumVisualStudioVersion = 10.0.40219.1
Project("{FAE04EC0-301F-11D3-BF4B-00C04F79EFBC}") = "LINQSelectManyDemo", "LINQSelectManyDemo\LINQSelectManyDemo.csproj", "{F9600874-5B8F-4989-BB94-EF8FCA99CCFB}"
EndProject
Global
	GlobalSection(SolutionConfigurationPlatforms) = preSolution
		Debug|Any CPU = Debug|Any CPU
		Release|Any CPU = Release|Any CPU
	EndGlobalSection
	GlobalSection(ProjectConfigurationPlatforms) = postSolution
		{F9600874-5B8F-4989-BB94-EF8FCA99CCFB}.Debug|Any CPU.ActiveCfg = Debug|Any CPU
		{F9600874-5B8F-4989-BB94-EF8FCA99CCFB}.Debug|Any CPU.Build.0 = Debug|Any CPU
		{F9600874-5B8F-4989-BB94-EF8FCA99CCFB}.Release|Any CPU.ActiveCfg = Release|Any CPU
		{F9600874-5B8F-4989-BB94-EF8FCA99CCFB}.Release|Any CPU.Build.0 = Release|Any CPU
	EndGlobalSection
	GlobalSection(SolutionProperties) = preSolution
		HideSolutionNode = FALSE
	EndGlobalSection
	GlobalSection(ExtensibilityGlobals) = postSolution
		SolutionGuid = {BDF191BD-89BA-4592-BAD5-E8F47B883C5F}
	EndGlobalSection
EndGlobal
